
Microsoft Visual Studio Solution File, Format Version 12.00
# Visual Studio Version 16
VisualStudioVersion = 16.0.32413.511
MinimumVisualStudioVersion = 10.0.40219.1
Project("{FAE04EC0-301F-11D3-BF4B-00C04F79EFBC}") = "DXF", "DXF\DXF.csproj", "{1DE9EAF4-A510-47EC-B552-EB5208CE8611}"
EndProject
Global
	GlobalSection(SolutionConfigurationPlatforms) = preSolution
		Debug|Any CPU = Debug|Any CPU
		Release|Any CPU = Release|Any CPU
	EndGlobalSection
	GlobalSection(ProjectConfigurationPlatforms) = postSolution
		{1DE9EAF4-A510-47EC-B552-EB5208CE8611}.Debug|Any CPU.ActiveCfg = Debug|Any CPU
		{1DE9EAF4-A510-47EC-B552-EB5208CE8611}.Debug|Any CPU.Build.0 = Debug|Any CPU
		{1DE9EAF4-A510-47EC-B552-EB5208CE8611}.Release|Any CPU.ActiveCfg = Release|Any CPU
		{1DE9EAF4-A510-47EC-B552-EB5208CE8611}.Release|Any CPU.Build.0 = Release|Any CPU
	EndGlobalSection
	GlobalSection(SolutionProperties) = preSolution
		HideSolutionNode = FALSE
	EndGlobalSection
	GlobalSection(ExtensibilityGlobals) = postSolution
		SolutionGuid = {FD9439CB-76E7-4D7C-B1CA-299D7A47102C}
	EndGlobalSection
EndGlobal
